// !$*UTF8*$!
{
	archiveVersion = 1;
	classes = {
	};
	objectVersion = 56;
	objects = {

/* Begin PBXBuildFile section */
		DE42353E294911E500AB0767 /* ModifyTask.swift in Sources */ = {isa = PBXBuildFile; fileRef = DE42353D294911E500AB0767 /* ModifyTask.swift */; };
		DE7969622949D75600EFB957 /* HouseInfoView.swift in Sources */ = {isa = PBXBuildFile; fileRef = DE7969612949D75600EFB957 /* HouseInfoView.swift */; };
		DE7E47892947202A00220873 /* Data.swift in Sources */ = {isa = PBXBuildFile; fileRef = DE7E47882947202A00220873 /* Data.swift */; };
		DE7E478B2947243700220873 /* Model.swift in Sources */ = {isa = PBXBuildFile; fileRef = DE7E478A2947243700220873 /* Model.swift */; };
		DE7E478D2947276800220873 /* HomeView.swift in Sources */ = {isa = PBXBuildFile; fileRef = DE7E478C2947276800220873 /* HomeView.swift */; };
		DE7E478F29472E5D00220873 /* AddNewTask.swift in Sources */ = {isa = PBXBuildFile; fileRef = DE7E478E29472E5D00220873 /* AddNewTask.swift */; };
		DEC76DF6294533260015E3C7 /* iMateApp.swift in Sources */ = {isa = PBXBuildFile; fileRef = DEC76DF5294533260015E3C7 /* iMateApp.swift */; };
		DEC76DF8294533260015E3C7 /* ContentView.swift in Sources */ = {isa = PBXBuildFile; fileRef = DEC76DF7294533260015E3C7 /* ContentView.swift */; };
		DEC76DFA294533270015E3C7 /* Assets.xcassets in Resources */ = {isa = PBXBuildFile; fileRef = DEC76DF9294533270015E3C7 /* Assets.xcassets */; };
		DEC76DFD294533270015E3C7 /* Preview Assets.xcassets in Resources */ = {isa = PBXBuildFile; fileRef = DEC76DFC294533270015E3C7 /* Preview Assets.xcassets */; };
		DEDF889029488FD900B9AD72 /* AssignmentModal.swift in Sources */ = {isa = PBXBuildFile; fileRef = DEDF888F29488FD900B9AD72 /* AssignmentModal.swift */; };
		DEDF8893294896C100B9AD72 /* FortuneWheel in Frameworks */ = {isa = PBXBuildFile; productRef = DEDF8892294896C100B9AD72 /* FortuneWheel */; };
/* End PBXBuildFile section */

/* Begin PBXFileReference section */
		DE42353D294911E500AB0767 /* ModifyTask.swift */ = {isa = PBXFileReference; lastKnownFileType = sourcecode.swift; path = ModifyTask.swift; sourceTree = "<group>"; };
		DE7969612949D75600EFB957 /* HouseInfoView.swift */ = {isa = PBXFileReference; lastKnownFileType = sourcecode.swift; path = HouseInfoView.swift; sourceTree = "<group>"; };
		DE7E47882947202A00220873 /* Data.swift */ = {isa = PBXFileReference; lastKnownFileType = sourcecode.swift; path = Data.swift; sourceTree = "<group>"; };
		DE7E478A2947243700220873 /* Model.swift */ = {isa = PBXFileReference; lastKnownFileType = sourcecode.swift; path = Model.swift; sourceTree = "<group>"; };
		DE7E478C2947276800220873 /* HomeView.swift */ = {isa = PBXFileReference; lastKnownFileType = sourcecode.swift; path = HomeView.swift; sourceTree = "<group>"; };
		DE7E478E29472E5D00220873 /* AddNewTask.swift */ = {isa = PBXFileReference; lastKnownFileType = sourcecode.swift; path = AddNewTask.swift; sourceTree = "<group>"; };
		DEC76DF2294533260015E3C7 /* iMate.app */ = {isa = PBXFileReference; explicitFileType = wrapper.application; includeInIndex = 0; path = iMate.app; sourceTree = BUILT_PRODUCTS_DIR; };
		DEC76DF5294533260015E3C7 /* iMateApp.swift */ = {isa = PBXFileReference; lastKnownFileType = sourcecode.swift; path = iMateApp.swift; sourceTree = "<group>"; };
		DEC76DF7294533260015E3C7 /* ContentView.swift */ = {isa = PBXFileReference; lastKnownFileType = sourcecode.swift; path = ContentView.swift; sourceTree = "<group>"; };
		DEC76DF9294533270015E3C7 /* Assets.xcassets */ = {isa = PBXFileReference; lastKnownFileType = folder.assetcatalog; path = Assets.xcassets; sourceTree = "<group>"; };
		DEC76DFC294533270015E3C7 /* Preview Assets.xcassets */ = {isa = PBXFileReference; lastKnownFileType = folder.assetcatalog; path = "Preview Assets.xcassets"; sourceTree = "<group>"; };
		DEDF888F29488FD900B9AD72 /* AssignmentModal.swift */ = {isa = PBXFileReference; lastKnownFileType = sourcecode.swift; path = AssignmentModal.swift; sourceTree = "<group>"; };
/* End PBXFileReference section */

/* Begin PBXFrameworksBuildPhase section */
		DEC76DEF294533260015E3C7 /* Frameworks */ = {
			isa = PBXFrameworksBuildPhase;
			buildActionMask = 2147483647;
			files = (
				DEDF8893294896C100B9AD72 /* FortuneWheel in Frameworks */,
			);
			runOnlyForDeploymentPostprocessing = 0;
		};
/* End PBXFrameworksBuildPhase section */

/* Begin PBXGroup section */
		DEC76DE9294533260015E3C7 = {
			isa = PBXGroup;
			children = (
				DEC76DF4294533260015E3C7 /* iMate */,
				DEC76DF3294533260015E3C7 /* Products */,
			);
			sourceTree = "<group>";
		};
		DEC76DF3294533260015E3C7 /* Products */ = {
			isa = PBXGroup;
			children = (
				DEC76DF2294533260015E3C7 /* iMate.app */,
			);
			name = Products;
			sourceTree = "<group>";
		};
		DEC76DF4294533260015E3C7 /* iMate */ = {
			isa = PBXGroup;
			children = (
				DE7E478E29472E5D00220873 /* AddNewTask.swift */,
				DEDF888F29488FD900B9AD72 /* AssignmentModal.swift */,
				DEC76DF5294533260015E3C7 /* iMateApp.swift */,
				DEC76DF7294533260015E3C7 /* ContentView.swift */,
				DE7E478C2947276800220873 /* HomeView.swift */,
				DE7969612949D75600EFB957 /* HouseInfoView.swift */,
				DE42353D294911E500AB0767 /* ModifyTask.swift */,
				DE7E47882947202A00220873 /* Data.swift */,
				DE7E478A2947243700220873 /* Model.swift */,
				DEC76DF9294533270015E3C7 /* Assets.xcassets */,
				DEC76DFB294533270015E3C7 /* Preview Content */,
			);
			path = iMate;
			sourceTree = "<group>";
		};
		DEC76DFB294533270015E3C7 /* Preview Content */ = {
			isa = PBXGroup;
			children = (
				DEC76DFC294533270015E3C7 /* Preview Assets.xcassets */,
			);
			path = "Preview Content";
			sourceTree = "<group>";
		};
/* End PBXGroup section */

/* Begin PBXNativeTarget section */
		DEC76DF1294533260015E3C7 /* iMate */ = {
			isa = PBXNativeTarget;
			buildConfigurationList = DEC76E00294533270015E3C7 /* Build configuration list for PBXNativeTarget "iMate" */;
			buildPhases = (
				DEC76DEE294533260015E3C7 /* Sources */,
				DEC76DEF294533260015E3C7 /* Frameworks */,
				DEC76DF0294533260015E3C7 /* Resources */,
			);
			buildRules = (
			);
			dependencies = (
			);
			name = iMate;
			packageProductDependencies = (
				DEDF8892294896C100B9AD72 /* FortuneWheel */,
			);
			productName = iMate;
			productReference = DEC76DF2294533260015E3C7 /* iMate.app */;
			productType = "com.apple.product-type.application";
		};
/* End PBXNativeTarget section */

/* Begin PBXProject section */
		DEC76DEA294533260015E3C7 /* Project object */ = {
			isa = PBXProject;
			attributes = {
				BuildIndependentTargetsInParallel = 1;
				LastSwiftUpdateCheck = 1410;
				LastUpgradeCheck = 1410;
				TargetAttributes = {
					DEC76DF1294533260015E3C7 = {
						CreatedOnToolsVersion = 14.1;
					};
				};
			};
			buildConfigurationList = DEC76DED294533260015E3C7 /* Build configuration list for PBXProject "iMate" */;
			compatibilityVersion = "Xcode 14.0";
			developmentRegion = en;
			hasScannedForEncodings = 0;
			knownRegions = (
				en,
				Base,
			);
			mainGroup = DEC76DE9294533260015E3C7;
			packageReferences = (
				DEDF8891294896C100B9AD72 /* XCRemoteSwiftPackageReference "FortuneWheel" */,
			);
			productRefGroup = DEC76DF3294533260015E3C7 /* Products */;
			projectDirPath = "";
			projectRoot = "";
			targets = (
				DEC76DF1294533260015E3C7 /* iMate */,
			);
		};
/* End PBXProject section */

/* Begin PBXResourcesBuildPhase section */
		DEC76DF0294533260015E3C7 /* Resources */ = {
			isa = PBXResourcesBuildPhase;
			buildActionMask = 2147483647;
			files = (
				DEC76DFD294533270015E3C7 /* Preview Assets.xcassets in Resources */,
				DEC76DFA294533270015E3C7 /* Assets.xcassets in Resources */,
			);
			runOnlyForDeploymentPostprocessing = 0;
		};
/* End PBXResourcesBuildPhase section */

/* Begin PBXSourcesBuildPhase section */
		DEC76DEE294533260015E3C7 /* Sources */ = {
			isa = PBXSourcesBuildPhase;
			buildActionMask = 2147483647;
			files = (
				DEC76DF8294533260015E3C7 /* ContentView.swift in Sources */,
				DE7E478D2947276800220873 /* HomeView.swift in Sources */,
				DEDF889029488FD900B9AD72 /* AssignmentModal.swift in Sources */,
				DE7E478F29472E5D00220873 /* AddNewTask.swift in Sources */,
				DE7E47892947202A00220873 /* Data.swift in Sources */,
				DE7969622949D75600EFB957 /* HouseInfoView.swift in Sources */,
				DEC76DF6294533260015E3C7 /* iMateApp.swift in Sources */,
				DE42353E294911E500AB0767 /* ModifyTask.swift in Sources */,
				DE7E478B2947243700220873 /* Model.swift in Sources */,
			);
			runOnlyForDeploymentPostprocessing = 0;
		};
/* End PBXSourcesBuildPhase section */

/* Begin XCBuildConfiguration section */
		DEC76DFE294533270015E3C7 /* Debug */ = {
			isa = XCBuildConfiguration;
			buildSettings = {
				ALWAYS_SEARCH_USER_PATHS = NO;
				CLANG_ANALYZER_NONNULL = YES;
				CLANG_ANALYZER_NUMBER_OBJECT_CONVERSION = YES_AGGRESSIVE;
				CLANG_CXX_LANGUAGE_STANDARD = "gnu++20";
				CLANG_ENABLE_MODULES = YES;
				CLANG_ENABLE_OBJC_ARC = YES;
				CLANG_ENABLE_OBJC_WEAK = YES;
				CLANG_WARN_BLOCK_CAPTURE_AUTORELEASING = YES;
				CLANG_WARN_BOOL_CONVERSION = YES;
				CLANG_WARN_COMMA = YES;
				CLANG_WARN_CONSTANT_CONVERSION = YES;
				CLANG_WARN_DEPRECATED_OBJC_IMPLEMENTATIONS = YES;
				CLANG_WARN_DIRECT_OBJC_ISA_USAGE = YES_ERROR;
				CLANG_WARN_DOCUMENTATION_COMMENTS = YES;
				CLANG_WARN_EMPTY_BODY = YES;
				CLANG_WARN_ENUM_CONVERSION = YES;
				CLANG_WARN_INFINITE_RECURSION = YES;
				CLANG_WARN_INT_CONVERSION = YES;
				CLANG_WARN_NON_LITERAL_NULL_CONVERSION = YES;
				CLANG_WARN_OBJC_IMPLICIT_RETAIN_SELF = YES;
				CLANG_WARN_OBJC_LITERAL_CONVERSION = YES;
				CLANG_WARN_OBJC_ROOT_CLASS = YES_ERROR;
				CLANG_WARN_QUOTED_INCLUDE_IN_FRAMEWORK_HEADER = YES;
				CLANG_WARN_RANGE_LOOP_ANALYSIS = YES;
				CLANG_WARN_STRICT_PROTOTYPES = YES;
				CLANG_WARN_SUSPICIOUS_MOVE = YES;
				CLANG_WARN_UNGUARDED_AVAILABILITY = YES_AGGRESSIVE;
				CLANG_WARN_UNREACHABLE_CODE = YES;
				CLANG_WARN__DUPLICATE_METHOD_MATCH = YES;
				COPY_PHASE_STRIP = NO;
				DEBUG_INFORMATION_FORMAT = dwarf;
				ENABLE_STRICT_OBJC_MSGSEND = YES;
				ENABLE_TESTABILITY = YES;
				GCC_C_LANGUAGE_STANDARD = gnu11;
				GCC_DYNAMIC_NO_PIC = NO;
				GCC_NO_COMMON_BLOCKS = YES;
				GCC_OPTIMIZATION_LEVEL = 0;
				GCC_PREPROCESSOR_DEFINITIONS = (
					"DEBUG=1",
					"$(inherited)",
				);
				GCC_WARN_64_TO_32_BIT_CONVERSION = YES;
				GCC_WARN_ABOUT_RETURN_TYPE = YES_ERROR;
				GCC_WARN_UNDECLARED_SELECTOR = YES;
				GCC_WARN_UNINITIALIZED_AUTOS = YES_AGGRESSIVE;
				GCC_WARN_UNUSED_FUNCTION = YES;
				GCC_WARN_UNUSED_VARIABLE = YES;
				IPHONEOS_DEPLOYMENT_TARGET = 16.1;
				MTL_ENABLE_DEBUG_INFO = INCLUDE_SOURCE;
				MTL_FAST_MATH = YES;
				ONLY_ACTIVE_ARCH = YES;
				SDKROOT = iphoneos;
				SWIFT_ACTIVE_COMPILATION_CONDITIONS = DEBUG;
				SWIFT_OPTIMIZATION_LEVEL = "-Onone";
			};
			name = Debug;
		};
		DEC76DFF294533270015E3C7 /* Release */ = {
			isa = XCBuildConfiguration;
			buildSettings = {
				ALWAYS_SEARCH_USER_PATHS = NO;
				CLANG_ANALYZER_NONNULL = YES;
				CLANG_ANALYZER_NUMBER_OBJECT_CONVERSION = YES_AGGRESSIVE;
				CLANG_CXX_LANGUAGE_STANDARD = "gnu++20";
				CLANG_ENABLE_MODULES = YES;
				CLANG_ENABLE_OBJC_ARC = YES;
				CLANG_ENABLE_OBJC_WEAK = YES;
				CLANG_WARN_BLOCK_CAPTURE_AUTORELEASING = YES;
				CLANG_WARN_BOOL_CONVERSION = YES;
				CLANG_WARN_COMMA = YES;
				CLANG_WARN_CONSTANT_CONVERSION = YES;
				CLANG_WARN_DEPRECATED_OBJC_IMPLEMENTATIONS = YES;
				CLANG_WARN_DIRECT_OBJC_ISA_USAGE = YES_ERROR;
				CLANG_WARN_DOCUMENTATION_COMMENTS = YES;
				CLANG_WARN_EMPTY_BODY = YES;
				CLANG_WARN_ENUM_CONVERSION = YES;
				CLANG_WARN_INFINITE_RECURSION = YES;
				CLANG_WARN_INT_CONVERSION = YES;
				CLANG_WARN_NON_LITERAL_NULL_CONVERSION = YES;
				CLANG_WARN_OBJC_IMPLICIT_RETAIN_SELF = YES;
				CLANG_WARN_OBJC_LITERAL_CONVERSION = YES;
				CLANG_WARN_OBJC_ROOT_CLASS = YES_ERROR;
				CLANG_WARN_QUOTED_INCLUDE_IN_FRAMEWORK_HEADER = YES;
				CLANG_WARN_RANGE_LOOP_ANALYSIS = YES;
				CLANG_WARN_STRICT_PROTOTYPES = YES;
				CLANG_WARN_SUSPICIOUS_MOVE = YES;
				CLANG_WARN_UNGUARDED_AVAILABILITY = YES_AGGRESSIVE;
				CLANG_WARN_UNREACHABLE_CODE = YES;
				CLANG_WARN__DUPLICATE_METHOD_MATCH = YES;
				COPY_PHASE_STRIP = NO;
				DEBUG_INFORMATION_FORMAT = "dwarf-with-dsym";
				ENABLE_NS_ASSERTIONS = NO;
				ENABLE_STRICT_OBJC_MSGSEND = YES;
				GCC_C_LANGUAGE_STANDARD = gnu11;
				GCC_NO_COMMON_BLOCKS = YES;
				GCC_WARN_64_TO_32_BIT_CONVERSION = YES;
				GCC_WARN_ABOUT_RETURN_TYPE = YES_ERROR;
				GCC_WARN_UNDECLARED_SELECTOR = YES;
				GCC_WARN_UNINITIALIZED_AUTOS = YES_AGGRESSIVE;
				GCC_WARN_UNUSED_FUNCTION = YES;
				GCC_WARN_UNUSED_VARIABLE = YES;
				IPHONEOS_DEPLOYMENT_TARGET = 16.1;
				MTL_ENABLE_DEBUG_INFO = NO;
				MTL_FAST_MATH = YES;
				SDKROOT = iphoneos;
				SWIFT_COMPILATION_MODE = wholemodule;
				SWIFT_OPTIMIZATION_LEVEL = "-O";
				VALIDATE_PRODUCT = YES;
			};
			name = Release;
		};
		DEC76E01294533270015E3C7 /* Debug */ = {
			isa = XCBuildConfiguration;
			buildSettings = {
				ASSETCATALOG_COMPILER_APPICON_NAME = AppIcon;
				ASSETCATALOG_COMPILER_GLOBAL_ACCENT_COLOR_NAME = AccentColor;
				CODE_SIGN_STYLE = Automatic;
				CURRENT_PROJECT_VERSION = 1;
				DEVELOPMENT_ASSET_PATHS = "\"iMate/Preview Content\"";
				DEVELOPMENT_TEAM = 85A7PUQ9RK;
				ENABLE_PREVIEWS = YES;
				GENERATE_INFOPLIST_FILE = YES;
				INFOPLIST_KEY_UIApplicationSceneManifest_Generation = YES;
				INFOPLIST_KEY_UIApplicationSupportsIndirectInputEvents = YES;
				INFOPLIST_KEY_UILaunchScreen_Generation = YES;
				INFOPLIST_KEY_UISupportedInterfaceOrientations_iPad = "UIInterfaceOrientationPortrait UIInterfaceOrientationPortraitUpsideDown UIInterfaceOrientationLandscapeLeft UIInterfaceOrientationLandscapeRight";
				INFOPLIST_KEY_UISupportedInterfaceOrientations_iPhone = "UIInterfaceOrientationPortrait UIInterfaceOrientationLandscapeLeft UIInterfaceOrientationLandscapeRight";
				LD_RUNPATH_SEARCH_PATHS = (
					"$(inherited)",
					"@executable_path/Frameworks",
				);
				MARKETING_VERSION = 1.0;
				PRODUCT_BUNDLE_IDENTIFIER = mike.iMate;
				PRODUCT_NAME = "$(TARGET_NAME)";
				SWIFT_EMIT_LOC_STRINGS = YES;
				SWIFT_VERSION = 5.0;
				TARGETED_DEVICE_FAMILY = "1,2";
			};
			name = Debug;
		};
		DEC76E02294533270015E3C7 /* Release */ = {
			isa = XCBuildConfiguration;
			buildSettings = {
				ASSETCATALOG_COMPILER_APPICON_NAME = AppIcon;
				ASSETCATALOG_COMPILER_GLOBAL_ACCENT_COLOR_NAME = AccentColor;
				CODE_SIGN_STYLE = Automatic;
				CURRENT_PROJECT_VERSION = 1;
				DEVELOPMENT_ASSET_PATHS = "\"iMate/Preview Content\"";
				DEVELOPMENT_TEAM = 85A7PUQ9RK;
				ENABLE_PREVIEWS = YES;
				GENERATE_INFOPLIST_FILE = YES;
				INFOPLIST_KEY_UIApplicationSceneManifest_Generation = YES;
				INFOPLIST_KEY_UIApplicationSupportsIndirectInputEvents = YES;
				INFOPLIST_KEY_UILaunchScreen_Generation = YES;
				INFOPLIST_KEY_UISupportedInterfaceOrientations_iPad = "UIInterfaceOrientationPortrait UIInterfaceOrientationPortraitUpsideDown UIInterfaceOrientationLandscapeLeft UIInterfaceOrientationLandscapeRight";
				INFOPLIST_KEY_UISupportedInterfaceOrientations_iPhone = "UIInterfaceOrientationPortrait UIInterfaceOrientationLandscapeLeft UIInterfaceOrientationLandscapeRight";
				LD_RUNPATH_SEARCH_PATHS = (
					"$(inherited)",
					"@executable_path/Frameworks",
				);
				MARKETING_VERSION = 1.0;
				PRODUCT_BUNDLE_IDENTIFIER = mike.iMate;
				PRODUCT_NAME = "$(TARGET_NAME)";
				SWIFT_EMIT_LOC_STRINGS = YES;
				SWIFT_VERSION = 5.0;
				TARGETED_DEVICE_FAMILY = "1,2";
			};
			name = Release;
		};
/* End XCBuildConfiguration section */

/* Begin XCConfigurationList section */
		DEC76DED294533260015E3C7 /* Build configuration list for PBXProject "iMate" */ = {
			isa = XCConfigurationList;
			buildConfigurations = (
				DEC76DFE294533270015E3C7 /* Debug */,
				DEC76DFF294533270015E3C7 /* Release */,
			);
			defaultConfigurationIsVisible = 0;
			defaultConfigurationName = Release;
		};
		DEC76E00294533270015E3C7 /* Build configuration list for PBXNativeTarget "iMate" */ = {
			isa = XCConfigurationList;
			buildConfigurations = (
				DEC76E01294533270015E3C7 /* Debug */,
				DEC76E02294533270015E3C7 /* Release */,
			);
			defaultConfigurationIsVisible = 0;
			defaultConfigurationName = Release;
		};
/* End XCConfigurationList section */

/* Begin XCRemoteSwiftPackageReference section */
		DEDF8891294896C100B9AD72 /* XCRemoteSwiftPackageReference "FortuneWheel" */ = {
			isa = XCRemoteSwiftPackageReference;
			repositoryURL = "https://github.com/sameersyd/FortuneWheel.git";
			requirement = {
				kind = upToNextMajorVersion;
				minimumVersion = 0.1.5;
			};
		};
/* End XCRemoteSwiftPackageReference section */

/* Begin XCSwiftPackageProductDependency section */
		DEDF8892294896C100B9AD72 /* FortuneWheel */ = {
			isa = XCSwiftPackageProductDependency;
			package = DEDF8891294896C100B9AD72 /* XCRemoteSwiftPackageReference "FortuneWheel" */;
			productName = FortuneWheel;
		};
/* End XCSwiftPackageProductDependency section */
	};
	rootObject = DEC76DEA294533260015E3C7 /* Project object */;
}
