// !$*UTF8*$!
{
	archiveVersion = 1;
	classes = {
	};
	objectVersion = 56;
	objects = {

/* Begin PBXBuildFile section */
		38093E1729425C43003EBF05 /* NewTask.swift in Sources */ = {isa = PBXBuildFile; fileRef = 38093E1629425C43003EBF05 /* NewTask.swift */; };
		38093E1B294367AC003EBF05 /* SwiftUIView.swift in Sources */ = {isa = PBXBuildFile; fileRef = 38093E1A294367AC003EBF05 /* SwiftUIView.swift */; };
		38C11F972940A864005BFBF5 /* TaskManagementApp.swift in Sources */ = {isa = PBXBuildFile; fileRef = 38C11F962940A864005BFBF5 /* TaskManagementApp.swift */; };
		38C11F992940A864005BFBF5 /* ContentView.swift in Sources */ = {isa = PBXBuildFile; fileRef = 38C11F982940A864005BFBF5 /* ContentView.swift */; };
		38C11F9B2940A865005BFBF5 /* Assets.xcassets in Resources */ = {isa = PBXBuildFile; fileRef = 38C11F9A2940A865005BFBF5 /* Assets.xcassets */; };
		38C11F9E2940A865005BFBF5 /* Preview Assets.xcassets in Resources */ = {isa = PBXBuildFile; fileRef = 38C11F9D2940A865005BFBF5 /* Preview Assets.xcassets */; };
		38C11FA82940A865005BFBF5 /* TaskManagementTests.swift in Sources */ = {isa = PBXBuildFile; fileRef = 38C11FA72940A865005BFBF5 /* TaskManagementTests.swift */; };
		38C11FB22940A865005BFBF5 /* TaskManagementUITests.swift in Sources */ = {isa = PBXBuildFile; fileRef = 38C11FB12940A865005BFBF5 /* TaskManagementUITests.swift */; };
		38C11FB42940A865005BFBF5 /* TaskManagementUITestsLaunchTests.swift in Sources */ = {isa = PBXBuildFile; fileRef = 38C11FB32940A865005BFBF5 /* TaskManagementUITestsLaunchTests.swift */; };
		38C11FC12940A87B005BFBF5 /* Home.swift in Sources */ = {isa = PBXBuildFile; fileRef = 38C11FC02940A87B005BFBF5 /* Home.swift */; };
		38C11FC32940A8AA005BFBF5 /* Task.swift in Sources */ = {isa = PBXBuildFile; fileRef = 38C11FC22940A8A9005BFBF5 /* Task.swift */; };
		38C11FC52940A93E005BFBF5 /* TaskViewModel.swift in Sources */ = {isa = PBXBuildFile; fileRef = 38C11FC42940A93E005BFBF5 /* TaskViewModel.swift */; };
/* End PBXBuildFile section */

/* Begin PBXContainerItemProxy section */
		38C11FA42940A865005BFBF5 /* PBXContainerItemProxy */ = {
			isa = PBXContainerItemProxy;
			containerPortal = 38C11F8B2940A864005BFBF5 /* Project object */;
			proxyType = 1;
			remoteGlobalIDString = 38C11F922940A864005BFBF5;
			remoteInfo = TaskManagement;
		};
		38C11FAE2940A865005BFBF5 /* PBXContainerItemProxy */ = {
			isa = PBXContainerItemProxy;
			containerPortal = 38C11F8B2940A864005BFBF5 /* Project object */;
			proxyType = 1;
			remoteGlobalIDString = 38C11F922940A864005BFBF5;
			remoteInfo = TaskManagement;
		};
/* End PBXContainerItemProxy section */

/* Begin PBXFileReference section */
		38093E1629425C43003EBF05 /* NewTask.swift */ = {isa = PBXFileReference; lastKnownFileType = sourcecode.swift; path = NewTask.swift; sourceTree = "<group>"; };
		38093E1A294367AC003EBF05 /* SwiftUIView.swift */ = {isa = PBXFileReference; lastKnownFileType = sourcecode.swift; path = SwiftUIView.swift; sourceTree = "<group>"; };
		38C11F932940A864005BFBF5 /* TaskManagement.app */ = {isa = PBXFileReference; explicitFileType = wrapper.application; includeInIndex = 0; path = TaskManagement.app; sourceTree = BUILT_PRODUCTS_DIR; };
		38C11F962940A864005BFBF5 /* TaskManagementApp.swift */ = {isa = PBXFileReference; lastKnownFileType = sourcecode.swift; path = TaskManagementApp.swift; sourceTree = "<group>"; };
		38C11F982940A864005BFBF5 /* ContentView.swift */ = {isa = PBXFileReference; lastKnownFileType = sourcecode.swift; path = ContentView.swift; sourceTree = "<group>"; };
		38C11F9A2940A865005BFBF5 /* Assets.xcassets */ = {isa = PBXFileReference; lastKnownFileType = folder.assetcatalog; path = Assets.xcassets; sourceTree = "<group>"; };
		38C11F9D2940A865005BFBF5 /* Preview Assets.xcassets */ = {isa = PBXFileReference; lastKnownFileType = folder.assetcatalog; path = "Preview Assets.xcassets"; sourceTree = "<group>"; };
		38C11FA32940A865005BFBF5 /* TaskManagementTests.xctest */ = {isa = PBXFileReference; explicitFileType = wrapper.cfbundle; includeInIndex = 0; path = TaskManagementTests.xctest; sourceTree = BUILT_PRODUCTS_DIR; };
		38C11FA72940A865005BFBF5 /* TaskManagementTests.swift */ = {isa = PBXFileReference; lastKnownFileType = sourcecode.swift; path = TaskManagementTests.swift; sourceTree = "<group>"; };
		38C11FAD2940A865005BFBF5 /* TaskManagementUITests.xctest */ = {isa = PBXFileReference; explicitFileType = wrapper.cfbundle; includeInIndex = 0; path = TaskManagementUITests.xctest; sourceTree = BUILT_PRODUCTS_DIR; };
		38C11FB12940A865005BFBF5 /* TaskManagementUITests.swift */ = {isa = PBXFileReference; lastKnownFileType = sourcecode.swift; path = TaskManagementUITests.swift; sourceTree = "<group>"; };
		38C11FB32940A865005BFBF5 /* TaskManagementUITestsLaunchTests.swift */ = {isa = PBXFileReference; lastKnownFileType = sourcecode.swift; path = TaskManagementUITestsLaunchTests.swift; sourceTree = "<group>"; };
		38C11FC02940A87B005BFBF5 /* Home.swift */ = {isa = PBXFileReference; lastKnownFileType = sourcecode.swift; path = Home.swift; sourceTree = "<group>"; };
		38C11FC22940A8A9005BFBF5 /* Task.swift */ = {isa = PBXFileReference; lastKnownFileType = sourcecode.swift; path = Task.swift; sourceTree = "<group>"; };
		38C11FC42940A93E005BFBF5 /* TaskViewModel.swift */ = {isa = PBXFileReference; lastKnownFileType = sourcecode.swift; path = TaskViewModel.swift; sourceTree = "<group>"; };
/* End PBXFileReference section */

/* Begin PBXFrameworksBuildPhase section */
		38C11F902940A864005BFBF5 /* Frameworks */ = {
			isa = PBXFrameworksBuildPhase;
			buildActionMask = 2147483647;
			files = (
			);
			runOnlyForDeploymentPostprocessing = 0;
		};
		38C11FA02940A865005BFBF5 /* Frameworks */ = {
			isa = PBXFrameworksBuildPhase;
			buildActionMask = 2147483647;
			files = (
			);
			runOnlyForDeploymentPostprocessing = 0;
		};
		38C11FAA2940A865005BFBF5 /* Frameworks */ = {
			isa = PBXFrameworksBuildPhase;
			buildActionMask = 2147483647;
			files = (
			);
			runOnlyForDeploymentPostprocessing = 0;
		};
/* End PBXFrameworksBuildPhase section */

/* Begin PBXGroup section */
		38C11F8A2940A864005BFBF5 = {
			isa = PBXGroup;
			children = (
				38C11F952940A864005BFBF5 /* TaskManagement */,
				38C11FA62940A865005BFBF5 /* TaskManagementTests */,
				38C11FB02940A865005BFBF5 /* TaskManagementUITests */,
				38C11F942940A864005BFBF5 /* Products */,
			);
			sourceTree = "<group>";
		};
		38C11F942940A864005BFBF5 /* Products */ = {
			isa = PBXGroup;
			children = (
				38C11F932940A864005BFBF5 /* TaskManagement.app */,
				38C11FA32940A865005BFBF5 /* TaskManagementTests.xctest */,
				38C11FAD2940A865005BFBF5 /* TaskManagementUITests.xctest */,
			);
			name = Products;
			sourceTree = "<group>";
		};
		38C11F952940A864005BFBF5 /* TaskManagement */ = {
			isa = PBXGroup;
			children = (
				38C11F962940A864005BFBF5 /* TaskManagementApp.swift */,
				38C11FC02940A87B005BFBF5 /* Home.swift */,
				38C11FC22940A8A9005BFBF5 /* Task.swift */,
				38C11FC42940A93E005BFBF5 /* TaskViewModel.swift */,
				38C11F982940A864005BFBF5 /* ContentView.swift */,
				38093E1629425C43003EBF05 /* NewTask.swift */,
				38093E1A294367AC003EBF05 /* SwiftUIView.swift */,
				38C11F9A2940A865005BFBF5 /* Assets.xcassets */,
				38C11F9C2940A865005BFBF5 /* Preview Content */,
			);
			path = TaskManagement;
			sourceTree = "<group>";
		};
		38C11F9C2940A865005BFBF5 /* Preview Content */ = {
			isa = PBXGroup;
			children = (
				38C11F9D2940A865005BFBF5 /* Preview Assets.xcassets */,
			);
			path = "Preview Content";
			sourceTree = "<group>";
		};
		38C11FA62940A865005BFBF5 /* TaskManagementTests */ = {
			isa = PBXGroup;
			children = (
				38C11FA72940A865005BFBF5 /* TaskManagementTests.swift */,
			);
			path = TaskManagementTests;
			sourceTree = "<group>";
		};
		38C11FB02940A865005BFBF5 /* TaskManagementUITests */ = {
			isa = PBXGroup;
			children = (
				38C11FB12940A865005BFBF5 /* TaskManagementUITests.swift */,
				38C11FB32940A865005BFBF5 /* TaskManagementUITestsLaunchTests.swift */,
			);
			path = TaskManagementUITests;
			sourceTree = "<group>";
		};
/* End PBXGroup section */

/* Begin PBXNativeTarget section */
		38C11F922940A864005BFBF5 /* TaskManagement */ = {
			isa = PBXNativeTarget;
			buildConfigurationList = 38C11FB72940A865005BFBF5 /* Build configuration list for PBXNativeTarget "TaskManagement" */;
			buildPhases = (
				38C11F8F2940A864005BFBF5 /* Sources */,
				38C11F902940A864005BFBF5 /* Frameworks */,
				38C11F912940A864005BFBF5 /* Resources */,
			);
			buildRules = (
			);
			dependencies = (
			);
			name = TaskManagement;
			productName = TaskManagement;
			productReference = 38C11F932940A864005BFBF5 /* TaskManagement.app */;
			productType = "com.apple.product-type.application";
		};
		38C11FA22940A865005BFBF5 /* TaskManagementTests */ = {
			isa = PBXNativeTarget;
			buildConfigurationList = 38C11FBA2940A865005BFBF5 /* Build configuration list for PBXNativeTarget "TaskManagementTests" */;
			buildPhases = (
				38C11F9F2940A865005BFBF5 /* Sources */,
				38C11FA02940A865005BFBF5 /* Frameworks */,
				38C11FA12940A865005BFBF5 /* Resources */,
			);
			buildRules = (
			);
			dependencies = (
				38C11FA52940A865005BFBF5 /* PBXTargetDependency */,
			);
			name = TaskManagementTests;
			productName = TaskManagementTests;
			productReference = 38C11FA32940A865005BFBF5 /* TaskManagementTests.xctest */;
			productType = "com.apple.product-type.bundle.unit-test";
		};
		38C11FAC2940A865005BFBF5 /* TaskManagementUITests */ = {
			isa = PBXNativeTarget;
			buildConfigurationList = 38C11FBD2940A865005BFBF5 /* Build configuration list for PBXNativeTarget "TaskManagementUITests" */;
			buildPhases = (
				38C11FA92940A865005BFBF5 /* Sources */,
				38C11FAA2940A865005BFBF5 /* Frameworks */,
				38C11FAB2940A865005BFBF5 /* Resources */,
			);
			buildRules = (
			);
			dependencies = (
				38C11FAF2940A865005BFBF5 /* PBXTargetDependency */,
			);
			name = TaskManagementUITests;
			productName = TaskManagementUITests;
			productReference = 38C11FAD2940A865005BFBF5 /* TaskManagementUITests.xctest */;
			productType = "com.apple.product-type.bundle.ui-testing";
		};
/* End PBXNativeTarget section */

/* Begin PBXProject section */
		38C11F8B2940A864005BFBF5 /* Project object */ = {
			isa = PBXProject;
			attributes = {
				BuildIndependentTargetsInParallel = 1;
				LastSwiftUpdateCheck = 1410;
				LastUpgradeCheck = 1410;
				TargetAttributes = {
					38C11F922940A864005BFBF5 = {
						CreatedOnToolsVersion = 14.1;
					};
					38C11FA22940A865005BFBF5 = {
						CreatedOnToolsVersion = 14.1;
						TestTargetID = 38C11F922940A864005BFBF5;
					};
					38C11FAC2940A865005BFBF5 = {
						CreatedOnToolsVersion = 14.1;
						TestTargetID = 38C11F922940A864005BFBF5;
					};
				};
			};
			buildConfigurationList = 38C11F8E2940A864005BFBF5 /* Build configuration list for PBXProject "TaskManagement" */;
			compatibilityVersion = "Xcode 14.0";
			developmentRegion = en;
			hasScannedForEncodings = 0;
			knownRegions = (
				en,
				Base,
			);
			mainGroup = 38C11F8A2940A864005BFBF5;
			productRefGroup = 38C11F942940A864005BFBF5 /* Products */;
			projectDirPath = "";
			projectRoot = "";
			targets = (
				38C11F922940A864005BFBF5 /* TaskManagement */,
				38C11FA22940A865005BFBF5 /* TaskManagementTests */,
				38C11FAC2940A865005BFBF5 /* TaskManagementUITests */,
			);
		};
/* End PBXProject section */

/* Begin PBXResourcesBuildPhase section */
		38C11F912940A864005BFBF5 /* Resources */ = {
			isa = PBXResourcesBuildPhase;
			buildActionMask = 2147483647;
			files = (
				38C11F9E2940A865005BFBF5 /* Preview Assets.xcassets in Resources */,
				38C11F9B2940A865005BFBF5 /* Assets.xcassets in Resources */,
			);
			runOnlyForDeploymentPostprocessing = 0;
		};
		38C11FA12940A865005BFBF5 /* Resources */ = {
			isa = PBXResourcesBuildPhase;
			buildActionMask = 2147483647;
			files = (
			);
			runOnlyForDeploymentPostprocessing = 0;
		};
		38C11FAB2940A865005BFBF5 /* Resources */ = {
			isa = PBXResourcesBuildPhase;
			buildActionMask = 2147483647;
			files = (
			);
			runOnlyForDeploymentPostprocessing = 0;
		};
/* End PBXResourcesBuildPhase section */

/* Begin PBXSourcesBuildPhase section */
		38C11F8F2940A864005BFBF5 /* Sources */ = {
			isa = PBXSourcesBuildPhase;
			buildActionMask = 2147483647;
			files = (
				38C11FC32940A8AA005BFBF5 /* Task.swift in Sources */,
				38093E1B294367AC003EBF05 /* SwiftUIView.swift in Sources */,
				38C11F992940A864005BFBF5 /* ContentView.swift in Sources */,
				38C11FC12940A87B005BFBF5 /* Home.swift in Sources */,
				38093E1729425C43003EBF05 /* NewTask.swift in Sources */,
				38C11FC52940A93E005BFBF5 /* TaskViewModel.swift in Sources */,
				38C11F972940A864005BFBF5 /* TaskManagementApp.swift in Sources */,
			);
			runOnlyForDeploymentPostprocessing = 0;
		};
		38C11F9F2940A865005BFBF5 /* Sources */ = {
			isa = PBXSourcesBuildPhase;
			buildActionMask = 2147483647;
			files = (
				38C11FA82940A865005BFBF5 /* TaskManagementTests.swift in Sources */,
			);
			runOnlyForDeploymentPostprocessing = 0;
		};
		38C11FA92940A865005BFBF5 /* Sources */ = {
			isa = PBXSourcesBuildPhase;
			buildActionMask = 2147483647;
			files = (
				38C11FB42940A865005BFBF5 /* TaskManagementUITestsLaunchTests.swift in Sources */,
				38C11FB22940A865005BFBF5 /* TaskManagementUITests.swift in Sources */,
			);
			runOnlyForDeploymentPostprocessing = 0;
		};
/* End PBXSourcesBuildPhase section */

/* Begin PBXTargetDependency section */
		38C11FA52940A865005BFBF5 /* PBXTargetDependency */ = {
			isa = PBXTargetDependency;
			target = 38C11F922940A864005BFBF5 /* TaskManagement */;
			targetProxy = 38C11FA42940A865005BFBF5 /* PBXContainerItemProxy */;
		};
		38C11FAF2940A865005BFBF5 /* PBXTargetDependency */ = {
			isa = PBXTargetDependency;
			target = 38C11F922940A864005BFBF5 /* TaskManagement */;
			targetProxy = 38C11FAE2940A865005BFBF5 /* PBXContainerItemProxy */;
		};
/* End PBXTargetDependency section */

/* Begin XCBuildConfiguration section */
		38C11FB52940A865005BFBF5 /* Debug */ = {
			isa = XCBuildConfiguration;
			buildSettings = {
				ALWAYS_SEARCH_USER_PATHS = NO;
				CLANG_ANALYZER_NONNULL = YES;
				CLANG_ANALYZER_NUMBER_OBJECT_CONVERSION = YES_AGGRESSIVE;
				CLANG_CXX_LANGUAGE_STANDARD = "gnu++20";
				CLANG_ENABLE_MODULES = YES;
				CLANG_ENABLE_OBJC_ARC = YES;
				CLANG_ENABLE_OBJC_WEAK = YES;
				CLANG_WARN_BLOCK_CAPTURE_AUTORELEASING = YES;
				CLANG_WARN_BOOL_CONVERSION = YES;
				CLANG_WARN_COMMA = YES;
				CLANG_WARN_CONSTANT_CONVERSION = YES;
				CLANG_WARN_DEPRECATED_OBJC_IMPLEMENTATIONS = YES;
				CLANG_WARN_DIRECT_OBJC_ISA_USAGE = YES_ERROR;
				CLANG_WARN_DOCUMENTATION_COMMENTS = YES;
				CLANG_WARN_EMPTY_BODY = YES;
				CLANG_WARN_ENUM_CONVERSION = YES;
				CLANG_WARN_INFINITE_RECURSION = YES;
				CLANG_WARN_INT_CONVERSION = YES;
				CLANG_WARN_NON_LITERAL_NULL_CONVERSION = YES;
				CLANG_WARN_OBJC_IMPLICIT_RETAIN_SELF = YES;
				CLANG_WARN_OBJC_LITERAL_CONVERSION = YES;
				CLANG_WARN_OBJC_ROOT_CLASS = YES_ERROR;
				CLANG_WARN_QUOTED_INCLUDE_IN_FRAMEWORK_HEADER = YES;
				CLANG_WARN_RANGE_LOOP_ANALYSIS = YES;
				CLANG_WARN_STRICT_PROTOTYPES = YES;
				CLANG_WARN_SUSPICIOUS_MOVE = YES;
				CLANG_WARN_UNGUARDED_AVAILABILITY = YES_AGGRESSIVE;
				CLANG_WARN_UNREACHABLE_CODE = YES;
				CLANG_WARN__DUPLICATE_METHOD_MATCH = YES;
				COPY_PHASE_STRIP = NO;
				DEBUG_INFORMATION_FORMAT = dwarf;
				ENABLE_STRICT_OBJC_MSGSEND = YES;
				ENABLE_TESTABILITY = YES;
				GCC_C_LANGUAGE_STANDARD = gnu11;
				GCC_DYNAMIC_NO_PIC = NO;
				GCC_NO_COMMON_BLOCKS = YES;
				GCC_OPTIMIZATION_LEVEL = 0;
				GCC_PREPROCESSOR_DEFINITIONS = (
					"DEBUG=1",
					"$(inherited)",
				);
				GCC_WARN_64_TO_32_BIT_CONVERSION = YES;
				GCC_WARN_ABOUT_RETURN_TYPE = YES_ERROR;
				GCC_WARN_UNDECLARED_SELECTOR = YES;
				GCC_WARN_UNINITIALIZED_AUTOS = YES_AGGRESSIVE;
				GCC_WARN_UNUSED_FUNCTION = YES;
				GCC_WARN_UNUSED_VARIABLE = YES;
				IPHONEOS_DEPLOYMENT_TARGET = 16.1;
				MTL_ENABLE_DEBUG_INFO = INCLUDE_SOURCE;
				MTL_FAST_MATH = YES;
				ONLY_ACTIVE_ARCH = YES;
				SDKROOT = iphoneos;
				SWIFT_ACTIVE_COMPILATION_CONDITIONS = DEBUG;
				SWIFT_OPTIMIZATION_LEVEL = "-Onone";
			};
			name = Debug;
		};
		38C11FB62940A865005BFBF5 /* Release */ = {
			isa = XCBuildConfiguration;
			buildSettings = {
				ALWAYS_SEARCH_USER_PATHS = NO;
				CLANG_ANALYZER_NONNULL = YES;
				CLANG_ANALYZER_NUMBER_OBJECT_CONVERSION = YES_AGGRESSIVE;
				CLANG_CXX_LANGUAGE_STANDARD = "gnu++20";
				CLANG_ENABLE_MODULES = YES;
				CLANG_ENABLE_OBJC_ARC = YES;
				CLANG_ENABLE_OBJC_WEAK = YES;
				CLANG_WARN_BLOCK_CAPTURE_AUTORELEASING = YES;
				CLANG_WARN_BOOL_CONVERSION = YES;
				CLANG_WARN_COMMA = YES;
				CLANG_WARN_CONSTANT_CONVERSION = YES;
				CLANG_WARN_DEPRECATED_OBJC_IMPLEMENTATIONS = YES;
				CLANG_WARN_DIRECT_OBJC_ISA_USAGE = YES_ERROR;
				CLANG_WARN_DOCUMENTATION_COMMENTS = YES;
				CLANG_WARN_EMPTY_BODY = YES;
				CLANG_WARN_ENUM_CONVERSION = YES;
				CLANG_WARN_INFINITE_RECURSION = YES;
				CLANG_WARN_INT_CONVERSION = YES;
				CLANG_WARN_NON_LITERAL_NULL_CONVERSION = YES;
				CLANG_WARN_OBJC_IMPLICIT_RETAIN_SELF = YES;
				CLANG_WARN_OBJC_LITERAL_CONVERSION = YES;
				CLANG_WARN_OBJC_ROOT_CLASS = YES_ERROR;
				CLANG_WARN_QUOTED_INCLUDE_IN_FRAMEWORK_HEADER = YES;
				CLANG_WARN_RANGE_LOOP_ANALYSIS = YES;
				CLANG_WARN_STRICT_PROTOTYPES = YES;
				CLANG_WARN_SUSPICIOUS_MOVE = YES;
				CLANG_WARN_UNGUARDED_AVAILABILITY = YES_AGGRESSIVE;
				CLANG_WARN_UNREACHABLE_CODE = YES;
				CLANG_WARN__DUPLICATE_METHOD_MATCH = YES;
				COPY_PHASE_STRIP = NO;
				DEBUG_INFORMATION_FORMAT = "dwarf-with-dsym";
				ENABLE_NS_ASSERTIONS = NO;
				ENABLE_STRICT_OBJC_MSGSEND = YES;
				GCC_C_LANGUAGE_STANDARD = gnu11;
				GCC_NO_COMMON_BLOCKS = YES;
				GCC_WARN_64_TO_32_BIT_CONVERSION = YES;
				GCC_WARN_ABOUT_RETURN_TYPE = YES_ERROR;
				GCC_WARN_UNDECLARED_SELECTOR = YES;
				GCC_WARN_UNINITIALIZED_AUTOS = YES_AGGRESSIVE;
				GCC_WARN_UNUSED_FUNCTION = YES;
				GCC_WARN_UNUSED_VARIABLE = YES;
				IPHONEOS_DEPLOYMENT_TARGET = 16.1;
				MTL_ENABLE_DEBUG_INFO = NO;
				MTL_FAST_MATH = YES;
				SDKROOT = iphoneos;
				SWIFT_COMPILATION_MODE = wholemodule;
				SWIFT_OPTIMIZATION_LEVEL = "-O";
				VALIDATE_PRODUCT = YES;
			};
			name = Release;
		};
		38C11FB82940A865005BFBF5 /* Debug */ = {
			isa = XCBuildConfiguration;
			buildSettings = {
				ASSETCATALOG_COMPILER_APPICON_NAME = AppIcon;
				ASSETCATALOG_COMPILER_GLOBAL_ACCENT_COLOR_NAME = AccentColor;
				CODE_SIGN_STYLE = Automatic;
				CURRENT_PROJECT_VERSION = 1;
				DEVELOPMENT_ASSET_PATHS = "\"TaskManagement/Preview Content\"";
				ENABLE_PREVIEWS = YES;
				GENERATE_INFOPLIST_FILE = YES;
				INFOPLIST_KEY_UIApplicationSceneManifest_Generation = YES;
				INFOPLIST_KEY_UIApplicationSupportsIndirectInputEvents = YES;
				INFOPLIST_KEY_UILaunchScreen_Generation = YES;
				INFOPLIST_KEY_UISupportedInterfaceOrientations_iPad = "UIInterfaceOrientationPortrait UIInterfaceOrientationPortraitUpsideDown UIInterfaceOrientationLandscapeLeft UIInterfaceOrientationLandscapeRight";
				INFOPLIST_KEY_UISupportedInterfaceOrientations_iPhone = "UIInterfaceOrientationPortrait UIInterfaceOrientationLandscapeLeft UIInterfaceOrientationLandscapeRight";
				LD_RUNPATH_SEARCH_PATHS = (
					"$(inherited)",
					"@executable_path/Frameworks",
				);
				MARKETING_VERSION = 1.0;
				PRODUCT_BUNDLE_IDENTIFIER = esempio.TaskManagement;
				PRODUCT_NAME = "$(TARGET_NAME)";
				SWIFT_EMIT_LOC_STRINGS = YES;
				SWIFT_VERSION = 5.0;
				TARGETED_DEVICE_FAMILY = "1,2";
			};
			name = Debug;
		};
		38C11FB92940A865005BFBF5 /* Release */ = {
			isa = XCBuildConfiguration;
			buildSettings = {
				ASSETCATALOG_COMPILER_APPICON_NAME = AppIcon;
				ASSETCATALOG_COMPILER_GLOBAL_ACCENT_COLOR_NAME = AccentColor;
				CODE_SIGN_STYLE = Automatic;
				CURRENT_PROJECT_VERSION = 1;
				DEVELOPMENT_ASSET_PATHS = "\"TaskManagement/Preview Content\"";
				ENABLE_PREVIEWS = YES;
				GENERATE_INFOPLIST_FILE = YES;
				INFOPLIST_KEY_UIApplicationSceneManifest_Generation = YES;
				INFOPLIST_KEY_UIApplicationSupportsIndirectInputEvents = YES;
				INFOPLIST_KEY_UILaunchScreen_Generation = YES;
				INFOPLIST_KEY_UISupportedInterfaceOrientations_iPad = "UIInterfaceOrientationPortrait UIInterfaceOrientationPortraitUpsideDown UIInterfaceOrientationLandscapeLeft UIInterfaceOrientationLandscapeRight";
				INFOPLIST_KEY_UISupportedInterfaceOrientations_iPhone = "UIInterfaceOrientationPortrait UIInterfaceOrientationLandscapeLeft UIInterfaceOrientationLandscapeRight";
				LD_RUNPATH_SEARCH_PATHS = (
					"$(inherited)",
					"@executable_path/Frameworks",
				);
				MARKETING_VERSION = 1.0;
				PRODUCT_BUNDLE_IDENTIFIER = esempio.TaskManagement;
				PRODUCT_NAME = "$(TARGET_NAME)";
				SWIFT_EMIT_LOC_STRINGS = YES;
				SWIFT_VERSION = 5.0;
				TARGETED_DEVICE_FAMILY = "1,2";
			};
			name = Release;
		};
		38C11FBB2940A865005BFBF5 /* Debug */ = {
			isa = XCBuildConfiguration;
			buildSettings = {
				ALWAYS_EMBED_SWIFT_STANDARD_LIBRARIES = YES;
				BUNDLE_LOADER = "$(TEST_HOST)";
				CODE_SIGN_STYLE = Automatic;
				CURRENT_PROJECT_VERSION = 1;
				GENERATE_INFOPLIST_FILE = YES;
				IPHONEOS_DEPLOYMENT_TARGET = 16.1;
				MARKETING_VERSION = 1.0;
				PRODUCT_BUNDLE_IDENTIFIER = esempio.TaskManagementTests;
				PRODUCT_NAME = "$(TARGET_NAME)";
				SWIFT_EMIT_LOC_STRINGS = NO;
				SWIFT_VERSION = 5.0;
				TARGETED_DEVICE_FAMILY = "1,2";
				TEST_HOST = "$(BUILT_PRODUCTS_DIR)/TaskManagement.app/$(BUNDLE_EXECUTABLE_FOLDER_PATH)/TaskManagement";
			};
			name = Debug;
		};
		38C11FBC2940A865005BFBF5 /* Release */ = {
			isa = XCBuildConfiguration;
			buildSettings = {
				ALWAYS_EMBED_SWIFT_STANDARD_LIBRARIES = YES;
				BUNDLE_LOADER = "$(TEST_HOST)";
				CODE_SIGN_STYLE = Automatic;
				CURRENT_PROJECT_VERSION = 1;
				GENERATE_INFOPLIST_FILE = YES;
				IPHONEOS_DEPLOYMENT_TARGET = 16.1;
				MARKETING_VERSION = 1.0;
				PRODUCT_BUNDLE_IDENTIFIER = esempio.TaskManagementTests;
				PRODUCT_NAME = "$(TARGET_NAME)";
				SWIFT_EMIT_LOC_STRINGS = NO;
				SWIFT_VERSION = 5.0;
				TARGETED_DEVICE_FAMILY = "1,2";
				TEST_HOST = "$(BUILT_PRODUCTS_DIR)/TaskManagement.app/$(BUNDLE_EXECUTABLE_FOLDER_PATH)/TaskManagement";
			};
			name = Release;
		};
		38C11FBE2940A865005BFBF5 /* Debug */ = {
			isa = XCBuildConfiguration;
			buildSettings = {
				ALWAYS_EMBED_SWIFT_STANDARD_LIBRARIES = YES;
				CODE_SIGN_STYLE = Automatic;
				CURRENT_PROJECT_VERSION = 1;
				GENERATE_INFOPLIST_FILE = YES;
				MARKETING_VERSION = 1.0;
				PRODUCT_BUNDLE_IDENTIFIER = esempio.TaskManagementUITests;
				PRODUCT_NAME = "$(TARGET_NAME)";
				SWIFT_EMIT_LOC_STRINGS = NO;
				SWIFT_VERSION = 5.0;
				TARGETED_DEVICE_FAMILY = "1,2";
				TEST_TARGET_NAME = TaskManagement;
			};
			name = Debug;
		};
		38C11FBF2940A865005BFBF5 /* Release */ = {
			isa = XCBuildConfiguration;
			buildSettings = {
				ALWAYS_EMBED_SWIFT_STANDARD_LIBRARIES = YES;
				CODE_SIGN_STYLE = Automatic;
				CURRENT_PROJECT_VERSION = 1;
				GENERATE_INFOPLIST_FILE = YES;
				MARKETING_VERSION = 1.0;
				PRODUCT_BUNDLE_IDENTIFIER = esempio.TaskManagementUITests;
				PRODUCT_NAME = "$(TARGET_NAME)";
				SWIFT_EMIT_LOC_STRINGS = NO;
				SWIFT_VERSION = 5.0;
				TARGETED_DEVICE_FAMILY = "1,2";
				TEST_TARGET_NAME = TaskManagement;
			};
			name = Release;
		};
/* End XCBuildConfiguration section */

/* Begin XCConfigurationList section */
		38C11F8E2940A864005BFBF5 /* Build configuration list for PBXProject "TaskManagement" */ = {
			isa = XCConfigurationList;
			buildConfigurations = (
				38C11FB52940A865005BFBF5 /* Debug */,
				38C11FB62940A865005BFBF5 /* Release */,
			);
			defaultConfigurationIsVisible = 0;
			defaultConfigurationName = Release;
		};
		38C11FB72940A865005BFBF5 /* Build configuration list for PBXNativeTarget "TaskManagement" */ = {
			isa = XCConfigurationList;
			buildConfigurations = (
				38C11FB82940A865005BFBF5 /* Debug */,
				38C11FB92940A865005BFBF5 /* Release */,
			);
			defaultConfigurationIsVisible = 0;
			defaultConfigurationName = Release;
		};
		38C11FBA2940A865005BFBF5 /* Build configuration list for PBXNativeTarget "TaskManagementTests" */ = {
			isa = XCConfigurationList;
			buildConfigurations = (
				38C11FBB2940A865005BFBF5 /* Debug */,
				38C11FBC2940A865005BFBF5 /* Release */,
			);
			defaultConfigurationIsVisible = 0;
			defaultConfigurationName = Release;
		};
		38C11FBD2940A865005BFBF5 /* Build configuration list for PBXNativeTarget "TaskManagementUITests" */ = {
			isa = XCConfigurationList;
			buildConfigurations = (
				38C11FBE2940A865005BFBF5 /* Debug */,
				38C11FBF2940A865005BFBF5 /* Release */,
			);
			defaultConfigurationIsVisible = 0;
			defaultConfigurationName = Release;
		};
/* End XCConfigurationList section */
	};
	rootObject = 38C11F8B2940A864005BFBF5 /* Project object */;
}
